{
  "name": "jump-to-operation",
  "version": "1.0.0",
  "lockfileVersion": 3,
  "requires": true,
  "packages": {
    "": {
      "name": "jump-to-operation",
      "version": "1.0.0",
      "dependencies": {
        "jump-to-operation": "file:"
      }
    },
    "node_modules/jump-to-operation": {
      "resolved": "",
      "link": true
    }
  }
}
